
Microsoft Visual Studio Solution File, Format Version 12.00
# Visual Studio Version 17
VisualStudioVersion = 17.13.35825.156 d17.13
MinimumVisualStudioVersion = 10.0.40219.1
Project("{FAE04EC0-301F-11D3-BF4B-00C04F79EFBC}") = "gitApp", "gitApp\gitApp.csproj", "{1D2C5D91-786F-402D-AE72-81FDCD76242E}"
EndProject
Global
	GlobalSection(SolutionConfigurationPlatforms) = preSolution
		Debug|Any CPU = Debug|Any CPU
		Release|Any CPU = Release|Any CPU
	EndGlobalSection
	GlobalSection(ProjectConfigurationPlatforms) = postSolution
		{1D2C5D91-786F-402D-AE72-81FDCD76242E}.Debug|Any CPU.ActiveCfg = Debug|Any CPU
		{1D2C5D91-786F-402D-AE72-81FDCD76242E}.Debug|Any CPU.Build.0 = Debug|Any CPU
		{1D2C5D91-786F-402D-AE72-81FDCD76242E}.Release|Any CPU.ActiveCfg = Release|Any CPU
		{1D2C5D91-786F-402D-AE72-81FDCD76242E}.Release|Any CPU.Build.0 = Release|Any CPU
	EndGlobalSection
	GlobalSection(SolutionProperties) = preSolution
		HideSolutionNode = FALSE
	EndGlobalSection
	GlobalSection(ExtensibilityGlobals) = postSolution
		SolutionGuid = {098EE965-8A9E-4834-A0BC-8D1E558B2767}
	EndGlobalSection
EndGlobal
